// !$*UTF8*$!
{
	archiveVersion = 1;
	classes = {
	};
	objectVersion = 50;
	objects = {

/* Begin PBXBuildFile section */
		70D065F7252B71990056903B /* AppDelegate.swift in Sources */ = {isa = PBXBuildFile; fileRef = 70D065F6252B71990056903B /* AppDelegate.swift */; };
		70D065F9252B71990056903B /* ContentView.swift in Sources */ = {isa = PBXBuildFile; fileRef = 70D065F8252B71990056903B /* ContentView.swift */; };
		70D065FC252B71990056903B /* SChat.xcdatamodeld in Sources */ = {isa = PBXBuildFile; fileRef = 70D065FA252B71990056903B /* SChat.xcdatamodeld */; };
		70D065FE252B719A0056903B /* Assets.xcassets in Resources */ = {isa = PBXBuildFile; fileRef = 70D065FD252B719A0056903B /* Assets.xcassets */; };
		70D06601252B719B0056903B /* Preview Assets.xcassets in Resources */ = {isa = PBXBuildFile; fileRef = 70D06600252B719B0056903B /* Preview Assets.xcassets */; };
		70D06604252B719B0056903B /* Main.storyboard in Resources */ = {isa = PBXBuildFile; fileRef = 70D06602252B719B0056903B /* Main.storyboard */; };
		70D06610252B719B0056903B /* SChatTests.swift in Sources */ = {isa = PBXBuildFile; fileRef = 70D0660F252B719B0056903B /* SChatTests.swift */; };
		70D0661B252B719B0056903B /* SChatUITests.swift in Sources */ = {isa = PBXBuildFile; fileRef = 70D0661A252B719B0056903B /* SChatUITests.swift */; };
/* End PBXBuildFile section */

/* Begin PBXContainerItemProxy section */
		70D0660C252B719B0056903B /* PBXContainerItemProxy */ = {
			isa = PBXContainerItemProxy;
			containerPortal = 70D065EB252B71990056903B /* Project object */;
			proxyType = 1;
			remoteGlobalIDString = 70D065F2252B71990056903B;
			remoteInfo = SChat;
		};
		70D06617252B719B0056903B /* PBXContainerItemProxy */ = {
			isa = PBXContainerItemProxy;
			containerPortal = 70D065EB252B71990056903B /* Project object */;
			proxyType = 1;
			remoteGlobalIDString = 70D065F2252B71990056903B;
			remoteInfo = SChat;
		};
/* End PBXContainerItemProxy section */

/* Begin PBXFileReference section */
		70D065F3252B71990056903B /* SChat.app */ = {isa = PBXFileReference; explicitFileType = wrapper.application; includeInIndex = 0; path = SChat.app; sourceTree = BUILT_PRODUCTS_DIR; };
		70D065F6252B71990056903B /* AppDelegate.swift */ = {isa = PBXFileReference; lastKnownFileType = sourcecode.swift; path = AppDelegate.swift; sourceTree = "<group>"; };
		70D065F8252B71990056903B /* ContentView.swift */ = {isa = PBXFileReference; lastKnownFileType = sourcecode.swift; path = ContentView.swift; sourceTree = "<group>"; };
		70D065FB252B71990056903B /* SChat.xcdatamodel */ = {isa = PBXFileReference; lastKnownFileType = wrapper.xcdatamodel; path = SChat.xcdatamodel; sourceTree = "<group>"; };
		70D065FD252B719A0056903B /* Assets.xcassets */ = {isa = PBXFileReference; lastKnownFileType = folder.assetcatalog; path = Assets.xcassets; sourceTree = "<group>"; };
		70D06600252B719B0056903B /* Preview Assets.xcassets */ = {isa = PBXFileReference; lastKnownFileType = folder.assetcatalog; path = "Preview Assets.xcassets"; sourceTree = "<group>"; };
		70D06603252B719B0056903B /* Base */ = {isa = PBXFileReference; lastKnownFileType = file.storyboard; name = Base; path = Base.lproj/Main.storyboard; sourceTree = "<group>"; };
		70D06605252B719B0056903B /* Info.plist */ = {isa = PBXFileReference; lastKnownFileType = text.plist.xml; path = Info.plist; sourceTree = "<group>"; };
		70D06606252B719B0056903B /* SChat.entitlements */ = {isa = PBXFileReference; lastKnownFileType = text.plist.entitlements; path = SChat.entitlements; sourceTree = "<group>"; };
		70D0660B252B719B0056903B /* SChatTests.xctest */ = {isa = PBXFileReference; explicitFileType = wrapper.cfbundle; includeInIndex = 0; path = SChatTests.xctest; sourceTree = BUILT_PRODUCTS_DIR; };
		70D0660F252B719B0056903B /* SChatTests.swift */ = {isa = PBXFileReference; lastKnownFileType = sourcecode.swift; path = SChatTests.swift; sourceTree = "<group>"; };
		70D06611252B719B0056903B /* Info.plist */ = {isa = PBXFileReference; lastKnownFileType = text.plist.xml; path = Info.plist; sourceTree = "<group>"; };
		70D06616252B719B0056903B /* SChatUITests.xctest */ = {isa = PBXFileReference; explicitFileType = wrapper.cfbundle; includeInIndex = 0; path = SChatUITests.xctest; sourceTree = BUILT_PRODUCTS_DIR; };
		70D0661A252B719B0056903B /* SChatUITests.swift */ = {isa = PBXFileReference; lastKnownFileType = sourcecode.swift; path = SChatUITests.swift; sourceTree = "<group>"; };
		70D0661C252B719B0056903B /* Info.plist */ = {isa = PBXFileReference; lastKnownFileType = text.plist.xml; path = Info.plist; sourceTree = "<group>"; };
/* End PBXFileReference section */

/* Begin PBXFrameworksBuildPhase section */
		70D065F0252B71990056903B /* Frameworks */ = {
			isa = PBXFrameworksBuildPhase;
			buildActionMask = 2147483647;
			files = (
			);
			runOnlyForDeploymentPostprocessing = 0;
		};
		70D06608252B719B0056903B /* Frameworks */ = {
			isa = PBXFrameworksBuildPhase;
			buildActionMask = 2147483647;
			files = (
			);
			runOnlyForDeploymentPostprocessing = 0;
		};
		70D06613252B719B0056903B /* Frameworks */ = {
			isa = PBXFrameworksBuildPhase;
			buildActionMask = 2147483647;
			files = (
			);
			runOnlyForDeploymentPostprocessing = 0;
		};
/* End PBXFrameworksBuildPhase section */

/* Begin PBXGroup section */
		70D065EA252B71990056903B = {
			isa = PBXGroup;
			children = (
				70D065F5252B71990056903B /* SChat */,
				70D0660E252B719B0056903B /* SChatTests */,
				70D06619252B719B0056903B /* SChatUITests */,
				70D065F4252B71990056903B /* Products */,
			);
			sourceTree = "<group>";
		};
		70D065F4252B71990056903B /* Products */ = {
			isa = PBXGroup;
			children = (
				70D065F3252B71990056903B /* SChat.app */,
				70D0660B252B719B0056903B /* SChatTests.xctest */,
				70D06616252B719B0056903B /* SChatUITests.xctest */,
			);
			name = Products;
			sourceTree = "<group>";
		};
		70D065F5252B71990056903B /* SChat */ = {
			isa = PBXGroup;
			children = (
				70D065F6252B71990056903B /* AppDelegate.swift */,
				70D065F8252B71990056903B /* ContentView.swift */,
				70D065FD252B719A0056903B /* Assets.xcassets */,
				70D06602252B719B0056903B /* Main.storyboard */,
				70D06605252B719B0056903B /* Info.plist */,
				70D06606252B719B0056903B /* SChat.entitlements */,
				70D065FA252B71990056903B /* SChat.xcdatamodeld */,
				70D065FF252B719B0056903B /* Preview Content */,
			);
			path = SChat;
			sourceTree = "<group>";
		};
		70D065FF252B719B0056903B /* Preview Content */ = {
			isa = PBXGroup;
			children = (
				70D06600252B719B0056903B /* Preview Assets.xcassets */,
			);
			path = "Preview Content";
			sourceTree = "<group>";
		};
		70D0660E252B719B0056903B /* SChatTests */ = {
			isa = PBXGroup;
			children = (
				70D0660F252B719B0056903B /* SChatTests.swift */,
				70D06611252B719B0056903B /* Info.plist */,
			);
			path = SChatTests;
			sourceTree = "<group>";
		};
		70D06619252B719B0056903B /* SChatUITests */ = {
			isa = PBXGroup;
			children = (
				70D0661A252B719B0056903B /* SChatUITests.swift */,
				70D0661C252B719B0056903B /* Info.plist */,
			);
			path = SChatUITests;
			sourceTree = "<group>";
		};
/* End PBXGroup section */

/* Begin PBXNativeTarget section */
		70D065F2252B71990056903B /* SChat */ = {
			isa = PBXNativeTarget;
			buildConfigurationList = 70D0661F252B719B0056903B /* Build configuration list for PBXNativeTarget "SChat" */;
			buildPhases = (
				70D065EF252B71990056903B /* Sources */,
				70D065F0252B71990056903B /* Frameworks */,
				70D065F1252B71990056903B /* Resources */,
			);
			buildRules = (
			);
			dependencies = (
			);
			name = SChat;
			productName = SChat;
			productReference = 70D065F3252B71990056903B /* SChat.app */;
			productType = "com.apple.product-type.application";
		};
		70D0660A252B719B0056903B /* SChatTests */ = {
			isa = PBXNativeTarget;
			buildConfigurationList = 70D06622252B719B0056903B /* Build configuration list for PBXNativeTarget "SChatTests" */;
			buildPhases = (
				70D06607252B719B0056903B /* Sources */,
				70D06608252B719B0056903B /* Frameworks */,
				70D06609252B719B0056903B /* Resources */,
			);
			buildRules = (
			);
			dependencies = (
				70D0660D252B719B0056903B /* PBXTargetDependency */,
			);
			name = SChatTests;
			productName = SChatTests;
			productReference = 70D0660B252B719B0056903B /* SChatTests.xctest */;
			productType = "com.apple.product-type.bundle.unit-test";
		};
		70D06615252B719B0056903B /* SChatUITests */ = {
			isa = PBXNativeTarget;
			buildConfigurationList = 70D06625252B719B0056903B /* Build configuration list for PBXNativeTarget "SChatUITests" */;
			buildPhases = (
				70D06612252B719B0056903B /* Sources */,
				70D06613252B719B0056903B /* Frameworks */,
				70D06614252B719B0056903B /* Resources */,
			);
			buildRules = (
			);
			dependencies = (
				70D06618252B719B0056903B /* PBXTargetDependency */,
			);
			name = SChatUITests;
			productName = SChatUITests;
			productReference = 70D06616252B719B0056903B /* SChatUITests.xctest */;
			productType = "com.apple.product-type.bundle.ui-testing";
		};
/* End PBXNativeTarget section */

/* Begin PBXProject section */
		70D065EB252B71990056903B /* Project object */ = {
			isa = PBXProject;
			attributes = {
				LastSwiftUpdateCheck = 1200;
				LastUpgradeCheck = 1200;
				TargetAttributes = {
					70D065F2252B71990056903B = {
						CreatedOnToolsVersion = 12.0.1;
					};
					70D0660A252B719B0056903B = {
						CreatedOnToolsVersion = 12.0.1;
						TestTargetID = 70D065F2252B71990056903B;
					};
					70D06615252B719B0056903B = {
						CreatedOnToolsVersion = 12.0.1;
						TestTargetID = 70D065F2252B71990056903B;
					};
				};
			};
			buildConfigurationList = 70D065EE252B71990056903B /* Build configuration list for PBXProject "SChat" */;
			compatibilityVersion = "Xcode 9.3";
			developmentRegion = en;
			hasScannedForEncodings = 0;
			knownRegions = (
				en,
				Base,
			);
			mainGroup = 70D065EA252B71990056903B;
			productRefGroup = 70D065F4252B71990056903B /* Products */;
			projectDirPath = "";
			projectRoot = "";
			targets = (
				70D065F2252B71990056903B /* SChat */,
				70D0660A252B719B0056903B /* SChatTests */,
				70D06615252B719B0056903B /* SChatUITests */,
			);
		};
/* End PBXProject section */

/* Begin PBXResourcesBuildPhase section */
		70D065F1252B71990056903B /* Resources */ = {
			isa = PBXResourcesBuildPhase;
			buildActionMask = 2147483647;
			files = (
				70D06604252B719B0056903B /* Main.storyboard in Resources */,
				70D06601252B719B0056903B /* Preview Assets.xcassets in Resources */,
				70D065FE252B719A0056903B /* Assets.xcassets in Resources */,
			);
			runOnlyForDeploymentPostprocessing = 0;
		};
		70D06609252B719B0056903B /* Resources */ = {
			isa = PBXResourcesBuildPhase;
			buildActionMask = 2147483647;
			files = (
			);
			runOnlyForDeploymentPostprocessing = 0;
		};
		70D06614252B719B0056903B /* Resources */ = {
			isa = PBXResourcesBuildPhase;
			buildActionMask = 2147483647;
			files = (
			);
			runOnlyForDeploymentPostprocessing = 0;
		};
/* End PBXResourcesBuildPhase section */

/* Begin PBXSourcesBuildPhase section */
		70D065EF252B71990056903B /* Sources */ = {
			isa = PBXSourcesBuildPhase;
			buildActionMask = 2147483647;
			files = (
				70D065F9252B71990056903B /* ContentView.swift in Sources */,
				70D065F7252B71990056903B /* AppDelegate.swift in Sources */,
				70D065FC252B71990056903B /* SChat.xcdatamodeld in Sources */,
			);
			runOnlyForDeploymentPostprocessing = 0;
		};
		70D06607252B719B0056903B /* Sources */ = {
			isa = PBXSourcesBuildPhase;
			buildActionMask = 2147483647;
			files = (
				70D06610252B719B0056903B /* SChatTests.swift in Sources */,
			);
			runOnlyForDeploymentPostprocessing = 0;
		};
		70D06612252B719B0056903B /* Sources */ = {
			isa = PBXSourcesBuildPhase;
			buildActionMask = 2147483647;
			files = (
				70D0661B252B719B0056903B /* SChatUITests.swift in Sources */,
			);
			runOnlyForDeploymentPostprocessing = 0;
		};
/* End PBXSourcesBuildPhase section */

/* Begin PBXTargetDependency section */
		70D0660D252B719B0056903B /* PBXTargetDependency */ = {
			isa = PBXTargetDependency;
			target = 70D065F2252B71990056903B /* SChat */;
			targetProxy = 70D0660C252B719B0056903B /* PBXContainerItemProxy */;
		};
		70D06618252B719B0056903B /* PBXTargetDependency */ = {
			isa = PBXTargetDependency;
			target = 70D065F2252B71990056903B /* SChat */;
			targetProxy = 70D06617252B719B0056903B /* PBXContainerItemProxy */;
		};
/* End PBXTargetDependency section */

/* Begin PBXVariantGroup section */
		70D06602252B719B0056903B /* Main.storyboard */ = {
			isa = PBXVariantGroup;
			children = (
				70D06603252B719B0056903B /* Base */,
			);
			name = Main.storyboard;
			sourceTree = "<group>";
		};
/* End PBXVariantGroup section */

/* Begin XCBuildConfiguration section */
		70D0661D252B719B0056903B /* Debug */ = {
			isa = XCBuildConfiguration;
			buildSettings = {
				ALWAYS_SEARCH_USER_PATHS = NO;
				CLANG_ANALYZER_NONNULL = YES;
				CLANG_ANALYZER_NUMBER_OBJECT_CONVERSION = YES_AGGRESSIVE;
				CLANG_CXX_LANGUAGE_STANDARD = "gnu++14";
				CLANG_CXX_LIBRARY = "libc++";
				CLANG_ENABLE_MODULES = YES;
				CLANG_ENABLE_OBJC_ARC = YES;
				CLANG_ENABLE_OBJC_WEAK = YES;
				CLANG_WARN_BLOCK_CAPTURE_AUTORELEASING = YES;
				CLANG_WARN_BOOL_CONVERSION = YES;
				CLANG_WARN_COMMA = YES;
				CLANG_WARN_CONSTANT_CONVERSION = YES;
				CLANG_WARN_DEPRECATED_OBJC_IMPLEMENTATIONS = YES;
				CLANG_WARN_DIRECT_OBJC_ISA_USAGE = YES_ERROR;
				CLANG_WARN_DOCUMENTATION_COMMENTS = YES;
				CLANG_WARN_EMPTY_BODY = YES;
				CLANG_WARN_ENUM_CONVERSION = YES;
				CLANG_WARN_INFINITE_RECURSION = YES;
				CLANG_WARN_INT_CONVERSION = YES;
				CLANG_WARN_NON_LITERAL_NULL_CONVERSION = YES;
				CLANG_WARN_OBJC_IMPLICIT_RETAIN_SELF = YES;
				CLANG_WARN_OBJC_LITERAL_CONVERSION = YES;
				CLANG_WARN_OBJC_ROOT_CLASS = YES_ERROR;
				CLANG_WARN_QUOTED_INCLUDE_IN_FRAMEWORK_HEADER = YES;
				CLANG_WARN_RANGE_LOOP_ANALYSIS = YES;
				CLANG_WARN_STRICT_PROTOTYPES = YES;
				CLANG_WARN_SUSPICIOUS_MOVE = YES;
				CLANG_WARN_UNGUARDED_AVAILABILITY = YES_AGGRESSIVE;
				CLANG_WARN_UNREACHABLE_CODE = YES;
				CLANG_WARN__DUPLICATE_METHOD_MATCH = YES;
				COPY_PHASE_STRIP = NO;
				DEBUG_INFORMATION_FORMAT = dwarf;
				ENABLE_STRICT_OBJC_MSGSEND = YES;
				ENABLE_TESTABILITY = YES;
				GCC_C_LANGUAGE_STANDARD = gnu11;
				GCC_DYNAMIC_NO_PIC = NO;
				GCC_NO_COMMON_BLOCKS = YES;
				GCC_OPTIMIZATION_LEVEL = 0;
				GCC_PREPROCESSOR_DEFINITIONS = (
					"DEBUG=1",
					"$(inherited)",
				);
				GCC_WARN_64_TO_32_BIT_CONVERSION = YES;
				GCC_WARN_ABOUT_RETURN_TYPE = YES_ERROR;
				GCC_WARN_UNDECLARED_SELECTOR = YES;
				GCC_WARN_UNINITIALIZED_AUTOS = YES_AGGRESSIVE;
				GCC_WARN_UNUSED_FUNCTION = YES;
				GCC_WARN_UNUSED_VARIABLE = YES;
				MACOSX_DEPLOYMENT_TARGET = 10.15;
				MTL_ENABLE_DEBUG_INFO = INCLUDE_SOURCE;
				MTL_FAST_MATH = YES;
				ONLY_ACTIVE_ARCH = YES;
				SDKROOT = macosx;
				SWIFT_ACTIVE_COMPILATION_CONDITIONS = DEBUG;
				SWIFT_OPTIMIZATION_LEVEL = "-Onone";
			};
			name = Debug;
		};
		70D0661E252B719B0056903B /* Release */ = {
			isa = XCBuildConfiguration;
			buildSettings = {
				ALWAYS_SEARCH_USER_PATHS = NO;
				CLANG_ANALYZER_NONNULL = YES;
				CLANG_ANALYZER_NUMBER_OBJECT_CONVERSION = YES_AGGRESSIVE;
				CLANG_CXX_LANGUAGE_STANDARD = "gnu++14";
				CLANG_CXX_LIBRARY = "libc++";
				CLANG_ENABLE_MODULES = YES;
				CLANG_ENABLE_OBJC_ARC = YES;
				CLANG_ENABLE_OBJC_WEAK = YES;
				CLANG_WARN_BLOCK_CAPTURE_AUTORELEASING = YES;
				CLANG_WARN_BOOL_CONVERSION = YES;
				CLANG_WARN_COMMA = YES;
				CLANG_WARN_CONSTANT_CONVERSION = YES;
				CLANG_WARN_DEPRECATED_OBJC_IMPLEMENTATIONS = YES;
				CLANG_WARN_DIRECT_OBJC_ISA_USAGE = YES_ERROR;
				CLANG_WARN_DOCUMENTATION_COMMENTS = YES;
				CLANG_WARN_EMPTY_BODY = YES;
				CLANG_WARN_ENUM_CONVERSION = YES;
				CLANG_WARN_INFINITE_RECURSION = YES;
				CLANG_WARN_INT_CONVERSION = YES;
				CLANG_WARN_NON_LITERAL_NULL_CONVERSION = YES;
				CLANG_WARN_OBJC_IMPLICIT_RETAIN_SELF = YES;
				CLANG_WARN_OBJC_LITERAL_CONVERSION = YES;
				CLANG_WARN_OBJC_ROOT_CLASS = YES_ERROR;
				CLANG_WARN_QUOTED_INCLUDE_IN_FRAMEWORK_HEADER = YES;
				CLANG_WARN_RANGE_LOOP_ANALYSIS = YES;
				CLANG_WARN_STRICT_PROTOTYPES = YES;
				CLANG_WARN_SUSPICIOUS_MOVE = YES;
				CLANG_WARN_UNGUARDED_AVAILABILITY = YES_AGGRESSIVE;
				CLANG_WARN_UNREACHABLE_CODE = YES;
				CLANG_WARN__DUPLICATE_METHOD_MATCH = YES;
				COPY_PHASE_STRIP = NO;
				DEBUG_INFORMATION_FORMAT = "dwarf-with-dsym";
				ENABLE_NS_ASSERTIONS = NO;
				ENABLE_STRICT_OBJC_MSGSEND = YES;
				GCC_C_LANGUAGE_STANDARD = gnu11;
				GCC_NO_COMMON_BLOCKS = YES;
				GCC_WARN_64_TO_32_BIT_CONVERSION = YES;
				GCC_WARN_ABOUT_RETURN_TYPE = YES_ERROR;
				GCC_WARN_UNDECLARED_SELECTOR = YES;
				GCC_WARN_UNINITIALIZED_AUTOS = YES_AGGRESSIVE;
				GCC_WARN_UNUSED_FUNCTION = YES;
				GCC_WARN_UNUSED_VARIABLE = YES;
				MACOSX_DEPLOYMENT_TARGET = 10.15;
				MTL_ENABLE_DEBUG_INFO = NO;
				MTL_FAST_MATH = YES;
				SDKROOT = macosx;
				SWIFT_COMPILATION_MODE = wholemodule;
				SWIFT_OPTIMIZATION_LEVEL = "-O";
			};
			name = Release;
		};
		70D06620252B719B0056903B /* Debug */ = {
			isa = XCBuildConfiguration;
			buildSettings = {
				ASSETCATALOG_COMPILER_APPICON_NAME = AppIcon;
				ASSETCATALOG_COMPILER_GLOBAL_ACCENT_COLOR_NAME = AccentColor;
				CODE_SIGN_ENTITLEMENTS = SChat/SChat.entitlements;
				CODE_SIGN_STYLE = Automatic;
				COMBINE_HIDPI_IMAGES = YES;
				DEVELOPMENT_ASSET_PATHS = "\"SChat/Preview Content\"";
				ENABLE_PREVIEWS = YES;
				INFOPLIST_FILE = SChat/Info.plist;
				LD_RUNPATH_SEARCH_PATHS = (
					"$(inherited)",
					"@executable_path/../Frameworks",
				);
				MACOSX_DEPLOYMENT_TARGET = 10.15;
				PRODUCT_BUNDLE_IDENTIFIER = DevLife.SChat;
				PRODUCT_NAME = "$(TARGET_NAME)";
				SWIFT_VERSION = 5.0;
			};
			name = Debug;
		};
		70D06621252B719B0056903B /* Release */ = {
			isa = XCBuildConfiguration;
			buildSettings = {
				ASSETCATALOG_COMPILER_APPICON_NAME = AppIcon;
				ASSETCATALOG_COMPILER_GLOBAL_ACCENT_COLOR_NAME = AccentColor;
				CODE_SIGN_ENTITLEMENTS = SChat/SChat.entitlements;
				CODE_SIGN_STYLE = Automatic;
				COMBINE_HIDPI_IMAGES = YES;
				DEVELOPMENT_ASSET_PATHS = "\"SChat/Preview Content\"";
				ENABLE_PREVIEWS = YES;
				INFOPLIST_FILE = SChat/Info.plist;
				LD_RUNPATH_SEARCH_PATHS = (
					"$(inherited)",
					"@executable_path/../Frameworks",
				);
				MACOSX_DEPLOYMENT_TARGET = 10.15;
				PRODUCT_BUNDLE_IDENTIFIER = DevLife.SChat;
				PRODUCT_NAME = "$(TARGET_NAME)";
				SWIFT_VERSION = 5.0;
			};
			name = Release;
		};
		70D06623252B719B0056903B /* Debug */ = {
			isa = XCBuildConfiguration;
			buildSettings = {
				ALWAYS_EMBED_SWIFT_STANDARD_LIBRARIES = YES;
				BUNDLE_LOADER = "$(TEST_HOST)";
				CODE_SIGN_STYLE = Automatic;
				COMBINE_HIDPI_IMAGES = YES;
				INFOPLIST_FILE = SChatTests/Info.plist;
				LD_RUNPATH_SEARCH_PATHS = (
					"$(inherited)",
					"@executable_path/../Frameworks",
					"@loader_path/../Frameworks",
				);
				MACOSX_DEPLOYMENT_TARGET = 10.15;
				PRODUCT_BUNDLE_IDENTIFIER = DevLife.SChatTests;
				PRODUCT_NAME = "$(TARGET_NAME)";
				SWIFT_VERSION = 5.0;
				TEST_HOST = "$(BUILT_PRODUCTS_DIR)/SChat.app/Contents/MacOS/SChat";
			};
			name = Debug;
		};
		70D06624252B719B0056903B /* Release */ = {
			isa = XCBuildConfiguration;
			buildSettings = {
				ALWAYS_EMBED_SWIFT_STANDARD_LIBRARIES = YES;
				BUNDLE_LOADER = "$(TEST_HOST)";
				CODE_SIGN_STYLE = Automatic;
				COMBINE_HIDPI_IMAGES = YES;
				INFOPLIST_FILE = SChatTests/Info.plist;
				LD_RUNPATH_SEARCH_PATHS = (
					"$(inherited)",
					"@executable_path/../Frameworks",
					"@loader_path/../Frameworks",
				);
				MACOSX_DEPLOYMENT_TARGET = 10.15;
				PRODUCT_BUNDLE_IDENTIFIER = DevLife.SChatTests;
				PRODUCT_NAME = "$(TARGET_NAME)";
				SWIFT_VERSION = 5.0;
				TEST_HOST = "$(BUILT_PRODUCTS_DIR)/SChat.app/Contents/MacOS/SChat";
			};
			name = Release;
		};
		70D06626252B719B0056903B /* Debug */ = {
			isa = XCBuildConfiguration;
			buildSettings = {
				ALWAYS_EMBED_SWIFT_STANDARD_LIBRARIES = YES;
				CODE_SIGN_STYLE = Automatic;
				COMBINE_HIDPI_IMAGES = YES;
				INFOPLIST_FILE = SChatUITests/Info.plist;
				LD_RUNPATH_SEARCH_PATHS = (
					"$(inherited)",
					"@executable_path/../Frameworks",
					"@loader_path/../Frameworks",
				);
				PRODUCT_BUNDLE_IDENTIFIER = DevLife.SChatUITests;
				PRODUCT_NAME = "$(TARGET_NAME)";
				SWIFT_VERSION = 5.0;
				TEST_TARGET_NAME = SChat;
			};
			name = Debug;
		};
		70D06627252B719B0056903B /* Release */ = {
			isa = XCBuildConfiguration;
			buildSettings = {
				ALWAYS_EMBED_SWIFT_STANDARD_LIBRARIES = YES;
				CODE_SIGN_STYLE = Automatic;
				COMBINE_HIDPI_IMAGES = YES;
				INFOPLIST_FILE = SChatUITests/Info.plist;
				LD_RUNPATH_SEARCH_PATHS = (
					"$(inherited)",
					"@executable_path/../Frameworks",
					"@loader_path/../Frameworks",
				);
				PRODUCT_BUNDLE_IDENTIFIER = DevLife.SChatUITests;
				PRODUCT_NAME = "$(TARGET_NAME)";
				SWIFT_VERSION = 5.0;
				TEST_TARGET_NAME = SChat;
			};
			name = Release;
		};
/* End XCBuildConfiguration section */

/* Begin XCConfigurationList section */
		70D065EE252B71990056903B /* Build configuration list for PBXProject "SChat" */ = {
			isa = XCConfigurationList;
			buildConfigurations = (
				70D0661D252B719B0056903B /* Debug */,
				70D0661E252B719B0056903B /* Release */,
			);
			defaultConfigurationIsVisible = 0;
			defaultConfigurationName = Release;
		};
		70D0661F252B719B0056903B /* Build configuration list for PBXNativeTarget "SChat" */ = {
			isa = XCConfigurationList;
			buildConfigurations = (
				70D06620252B719B0056903B /* Debug */,
				70D06621252B719B0056903B /* Release */,
			);
			defaultConfigurationIsVisible = 0;
			defaultConfigurationName = Release;
		};
		70D06622252B719B0056903B /* Build configuration list for PBXNativeTarget "SChatTests" */ = {
			isa = XCConfigurationList;
			buildConfigurations = (
				70D06623252B719B0056903B /* Debug */,
				70D06624252B719B0056903B /* Release */,
			);
			defaultConfigurationIsVisible = 0;
			defaultConfigurationName = Release;
		};
		70D06625252B719B0056903B /* Build configuration list for PBXNativeTarget "SChatUITests" */ = {
			isa = XCConfigurationList;
			buildConfigurations = (
				70D06626252B719B0056903B /* Debug */,
				70D06627252B719B0056903B /* Release */,
			);
			defaultConfigurationIsVisible = 0;
			defaultConfigurationName = Release;
		};
/* End XCConfigurationList section */

/* Begin XCVersionGroup section */
		70D065FA252B71990056903B /* SChat.xcdatamodeld */ = {
			isa = XCVersionGroup;
			children = (
				70D065FB252B71990056903B /* SChat.xcdatamodel */,
			);
			currentVersion = 70D065FB252B71990056903B /* SChat.xcdatamodel */;
			path = SChat.xcdatamodeld;
			sourceTree = "<group>";
			versionGroupType = wrapper.xcdatamodel;
		};
/* End XCVersionGroup section */
	};
	rootObject = 70D065EB252B71990056903B /* Project object */;
}
